
Microsoft Visual Studio Solution File, Format Version 12.00
# Visual Studio 15
VisualStudioVersion = 15.0.27703.2035
MinimumVisualStudioVersion = 10.0.40219.1
Project("{FAE04EC0-301F-11D3-BF4B-00C04F79EFBC}") = "Sliding Menu", "Sliding Menu\Sliding Menu.csproj", "{24E754F0-6581-4119-9EEB-C09CEE14D74A}"
EndProject
Global
	GlobalSection(SolutionConfigurationPlatforms) = preSolution
		Debug|Any CPU = Debug|Any CPU
		Release|Any CPU = Release|Any CPU
	EndGlobalSection
	GlobalSection(ProjectConfigurationPlatforms) = postSolution
		{24E754F0-6581-4119-9EEB-C09CEE14D74A}.Debug|Any CPU.ActiveCfg = Debug|Any CPU
		{24E754F0-6581-4119-9EEB-C09CEE14D74A}.Debug|Any CPU.Build.0 = Debug|Any CPU
		{24E754F0-6581-4119-9EEB-C09CEE14D74A}.Release|Any CPU.ActiveCfg = Release|Any CPU
		{24E754F0-6581-4119-9EEB-C09CEE14D74A}.Release|Any CPU.Build.0 = Release|Any CPU
	EndGlobalSection
	GlobalSection(SolutionProperties) = preSolution
		HideSolutionNode = FALSE
	EndGlobalSection
	GlobalSection(ExtensibilityGlobals) = postSolution
		SolutionGuid = {EC96DD28-7A9A-40F9-A40C-DDED1EC80F26}
	EndGlobalSection
EndGlobal
