
Microsoft Visual Studio Solution File, Format Version 12.00
# Visual Studio 15
VisualStudioVersion = 15.0.27703.2035
MinimumVisualStudioVersion = 10.0.40219.1
Project("{FAE04EC0-301F-11D3-BF4B-00C04F79EFBC}") = "MetroUI Tester", "MetroUI Tester\MetroUI Tester.csproj", "{8C8D9849-8FDA-4279-99FE-C8AF9842394C}"
EndProject
Global
	GlobalSection(SolutionConfigurationPlatforms) = preSolution
		Debug|Any CPU = Debug|Any CPU
		Release|Any CPU = Release|Any CPU
	EndGlobalSection
	GlobalSection(ProjectConfigurationPlatforms) = postSolution
		{8C8D9849-8FDA-4279-99FE-C8AF9842394C}.Debug|Any CPU.ActiveCfg = Debug|Any CPU
		{8C8D9849-8FDA-4279-99FE-C8AF9842394C}.Debug|Any CPU.Build.0 = Debug|Any CPU
		{8C8D9849-8FDA-4279-99FE-C8AF9842394C}.Release|Any CPU.ActiveCfg = Release|Any CPU
		{8C8D9849-8FDA-4279-99FE-C8AF9842394C}.Release|Any CPU.Build.0 = Release|Any CPU
	EndGlobalSection
	GlobalSection(SolutionProperties) = preSolution
		HideSolutionNode = FALSE
	EndGlobalSection
	GlobalSection(ExtensibilityGlobals) = postSolution
		SolutionGuid = {1FFC6D32-7387-4B89-8507-3DF36C82658E}
	EndGlobalSection
EndGlobal
