
Microsoft Visual Studio Solution File, Format Version 12.00
# Visual Studio 15
VisualStudioVersion = 15.0.28307.271
MinimumVisualStudioVersion = 10.0.40219.1
Project("{FAE04EC0-301F-11D3-BF4B-00C04F79EFBC}") = "HelloWorld_NETStandard", "HelloWorld_NETStandard\HelloWorld_NETStandard.csproj", "{44F9BB7A-CA6C-4724-8F78-62CB743CA5BD}"
EndProject
Project("{FAE04EC0-301F-11D3-BF4B-00C04F79EFBC}") = "HelloWorld_NETFramework", "HelloWorld_NETFramework\HelloWorld_NETFramework.csproj", "{263FFB23-CACB-4D73-837D-DFC1E43BEAFD}"
EndProject
Project("{FAE04EC0-301F-11D3-BF4B-00C04F79EFBC}") = "HelloWorld_NETCore", "HelloWorld_NETCore\HelloWorld_NETCore.csproj", "{EFCB5121-6286-4D3E-9E09-35243601FAD9}"
EndProject
Global
	GlobalSection(SolutionConfigurationPlatforms) = preSolution
		Debug|Any CPU = Debug|Any CPU
		Release|Any CPU = Release|Any CPU
	EndGlobalSection
	GlobalSection(ProjectConfigurationPlatforms) = postSolution
		{44F9BB7A-CA6C-4724-8F78-62CB743CA5BD}.Debug|Any CPU.ActiveCfg = Debug|Any CPU
		{44F9BB7A-CA6C-4724-8F78-62CB743CA5BD}.Debug|Any CPU.Build.0 = Debug|Any CPU
		{44F9BB7A-CA6C-4724-8F78-62CB743CA5BD}.Release|Any CPU.ActiveCfg = Release|Any CPU
		{44F9BB7A-CA6C-4724-8F78-62CB743CA5BD}.Release|Any CPU.Build.0 = Release|Any CPU
		{263FFB23-CACB-4D73-837D-DFC1E43BEAFD}.Debug|Any CPU.ActiveCfg = Debug|Any CPU
		{263FFB23-CACB-4D73-837D-DFC1E43BEAFD}.Debug|Any CPU.Build.0 = Debug|Any CPU
		{263FFB23-CACB-4D73-837D-DFC1E43BEAFD}.Release|Any CPU.ActiveCfg = Release|Any CPU
		{263FFB23-CACB-4D73-837D-DFC1E43BEAFD}.Release|Any CPU.Build.0 = Release|Any CPU
		{EFCB5121-6286-4D3E-9E09-35243601FAD9}.Debug|Any CPU.ActiveCfg = Debug|Any CPU
		{EFCB5121-6286-4D3E-9E09-35243601FAD9}.Debug|Any CPU.Build.0 = Debug|Any CPU
		{EFCB5121-6286-4D3E-9E09-35243601FAD9}.Release|Any CPU.ActiveCfg = Release|Any CPU
		{EFCB5121-6286-4D3E-9E09-35243601FAD9}.Release|Any CPU.Build.0 = Release|Any CPU
	EndGlobalSection
	GlobalSection(SolutionProperties) = preSolution
		HideSolutionNode = FALSE
	EndGlobalSection
	GlobalSection(ExtensibilityGlobals) = postSolution
		SolutionGuid = {CFF29BDE-BFF7-4411-AD42-8892965E9DC0}
	EndGlobalSection
EndGlobal
