
Microsoft Visual Studio Solution File, Format Version 12.00
# Visual Studio 15
VisualStudioVersion = 15.0.28307.271
MinimumVisualStudioVersion = 10.0.40219.1
Project("{FAE04EC0-301F-11D3-BF4B-00C04F79EFBC}") = "AutoScrollListView", "AutoScrollListView\AutoScrollListView.csproj", "{24983FD7-D9A0-493C-B01D-1E4883C030F1}"
EndProject
Global
	GlobalSection(SolutionConfigurationPlatforms) = preSolution
		Debug|Any CPU = Debug|Any CPU
		Release|Any CPU = Release|Any CPU
	EndGlobalSection
	GlobalSection(ProjectConfigurationPlatforms) = postSolution
		{24983FD7-D9A0-493C-B01D-1E4883C030F1}.Debug|Any CPU.ActiveCfg = Debug|Any CPU
		{24983FD7-D9A0-493C-B01D-1E4883C030F1}.Debug|Any CPU.Build.0 = Debug|Any CPU
		{24983FD7-D9A0-493C-B01D-1E4883C030F1}.Release|Any CPU.ActiveCfg = Release|Any CPU
		{24983FD7-D9A0-493C-B01D-1E4883C030F1}.Release|Any CPU.Build.0 = Release|Any CPU
	EndGlobalSection
	GlobalSection(SolutionProperties) = preSolution
		HideSolutionNode = FALSE
	EndGlobalSection
	GlobalSection(ExtensibilityGlobals) = postSolution
		SolutionGuid = {8DD5B0D4-4BB8-4BFA-A2A5-DA0E4E5D32F4}
	EndGlobalSection
EndGlobal
